
Microsoft Visual Studio Solution File, Format Version 12.00
# Visual Studio Version 16
VisualStudioVersion = 16.0.29025.244
MinimumVisualStudioVersion = 10.0.40219.1
Project("{FAE04EC0-301F-11D3-BF4B-00C04F79EFBC}") = "TensorflowForXamarin", "TensorflowForXamarin\TensorflowForXamarin.csproj", "{A139DD58-F4D0-420F-ABEB-2978802E220F}"
EndProject
Global
	GlobalSection(SolutionConfigurationPlatforms) = preSolution
		Debug|Any CPU = Debug|Any CPU
		Release|Any CPU = Release|Any CPU
	EndGlobalSection
	GlobalSection(ProjectConfigurationPlatforms) = postSolution
		{A139DD58-F4D0-420F-ABEB-2978802E220F}.Debug|Any CPU.ActiveCfg = Debug|Any CPU
		{A139DD58-F4D0-420F-ABEB-2978802E220F}.Debug|Any CPU.Build.0 = Debug|Any CPU
		{A139DD58-F4D0-420F-ABEB-2978802E220F}.Release|Any CPU.ActiveCfg = Release|Any CPU
		{A139DD58-F4D0-420F-ABEB-2978802E220F}.Release|Any CPU.Build.0 = Release|Any CPU
	EndGlobalSection
	GlobalSection(SolutionProperties) = preSolution
		HideSolutionNode = FALSE
	EndGlobalSection
	GlobalSection(ExtensibilityGlobals) = postSolution
		SolutionGuid = {D757C2A6-CBA0-4623-8033-C09625314BDF}
	EndGlobalSection
EndGlobal
